
Microsoft Visual Studio Solution File, Format Version 12.00
# Visual Studio Version 16
VisualStudioVersion = 16.0.29020.237
MinimumVisualStudioVersion = 10.0.40219.1
Project("{FAE04EC0-301F-11D3-BF4B-00C04F79EFBC}") = "CoreAppHome", "CoreAppHome\CoreAppHome.csproj", "{952E411B-4BA5-4B80-A606-44DFEB26924D}"
EndProject
Global
	GlobalSection(SolutionConfigurationPlatforms) = preSolution
		Debug|Any CPU = Debug|Any CPU
		Release|Any CPU = Release|Any CPU
	EndGlobalSection
	GlobalSection(ProjectConfigurationPlatforms) = postSolution
		{952E411B-4BA5-4B80-A606-44DFEB26924D}.Debug|Any CPU.ActiveCfg = Debug|Any CPU
		{952E411B-4BA5-4B80-A606-44DFEB26924D}.Debug|Any CPU.Build.0 = Debug|Any CPU
		{952E411B-4BA5-4B80-A606-44DFEB26924D}.Release|Any CPU.ActiveCfg = Release|Any CPU
		{952E411B-4BA5-4B80-A606-44DFEB26924D}.Release|Any CPU.Build.0 = Release|Any CPU
	EndGlobalSection
	GlobalSection(SolutionProperties) = preSolution
		HideSolutionNode = FALSE
	EndGlobalSection
	GlobalSection(ExtensibilityGlobals) = postSolution
		SolutionGuid = {BE33C8CC-4A30-4B18-ACF6-EF21298D9AD0}
	EndGlobalSection
EndGlobal
