
Microsoft Visual Studio Solution File, Format Version 12.00
# Visual Studio Version 16
VisualStudioVersion = 16.0.29020.237
MinimumVisualStudioVersion = 10.0.40219.1
Project("{9A19103F-16F7-4668-BE54-9A1E7A4F7556}") = "CoreAppHome", "CoreAppHome\CoreAppHome.csproj", "{952E411B-4BA5-4B80-A606-44DFEB26924D}"
EndProject
Project("{E53339B2-1760-4266-BCC7-CA923CBCF16C}") = "docker-compose", "docker-compose.dcproj", "{5B20B0EC-2E72-4C41-8434-0283E4769594}"
EndProject
Global
	GlobalSection(SolutionConfigurationPlatforms) = preSolution
		Debug|Any CPU = Debug|Any CPU
		Release|Any CPU = Release|Any CPU
	EndGlobalSection
	GlobalSection(ProjectConfigurationPlatforms) = postSolution
		{952E411B-4BA5-4B80-A606-44DFEB26924D}.Debug|Any CPU.ActiveCfg = Debug|Any CPU
		{952E411B-4BA5-4B80-A606-44DFEB26924D}.Debug|Any CPU.Build.0 = Debug|Any CPU
		{952E411B-4BA5-4B80-A606-44DFEB26924D}.Release|Any CPU.ActiveCfg = Release|Any CPU
		{952E411B-4BA5-4B80-A606-44DFEB26924D}.Release|Any CPU.Build.0 = Release|Any CPU
		{5B20B0EC-2E72-4C41-8434-0283E4769594}.Debug|Any CPU.ActiveCfg = Debug|Any CPU
		{5B20B0EC-2E72-4C41-8434-0283E4769594}.Debug|Any CPU.Build.0 = Debug|Any CPU
		{5B20B0EC-2E72-4C41-8434-0283E4769594}.Release|Any CPU.ActiveCfg = Release|Any CPU
		{5B20B0EC-2E72-4C41-8434-0283E4769594}.Release|Any CPU.Build.0 = Release|Any CPU
	EndGlobalSection
	GlobalSection(SolutionProperties) = preSolution
		HideSolutionNode = FALSE
	EndGlobalSection
	GlobalSection(ExtensibilityGlobals) = postSolution
		SolutionGuid = {BE33C8CC-4A30-4B18-ACF6-EF21298D9AD0}
	EndGlobalSection
EndGlobal
